{
  "name": "jan-cli",
  "version": "0.1.0",
  "lockfileVersion": 3,
  "requires": true,
  "packages": {
    "": {
      "name": "jan-cli",
      "version": "0.1.0",
      "license": "MIT",
      "bin": {
        "jan": "bin/jan"
      },
      "engines": {
        "node": ">=20"
      }
    }
  }
}
