{
  "name": "jan-cli",
  "version": "0.1.1",
  "lockfileVersion": 3,
  "requires": true,
  "packages": {
    "": {
      "name": "jan-cli",
      "version": "0.1.1",
      "license": "MIT",
      "dependencies": {
        "chi": "github:chevp/chi"
      },
      "bin": {
        "jan": "bin/jan"
      },
      "engines": {
        "node": ">=20"
      }
    },
    "node_modules/chi": {
      "version": "0.1.0",
      "resolved": "git+ssh://git@github.com/chevp/chi.git#3c12c4ff95435f757ad0a58f7cbe26c23f6ff1f3",
      "bin": {
        "chi": "bin/chi"
      },
      "engines": {
        "node": ">=20"
      }
    }
  }
}
